
Microsoft Visual Studio Solution File, Format Version 12.00
# Visual Studio Version 16
VisualStudioVersion = 25.0.1706.9
MinimumVisualStudioVersion = 10.0.40219.1
Project("{2150E333-8FDC-42A3-9474-1A3956D46DE8}") = "src", "src", "{7865EE59-8AF8-4C1D-A8C5-DC73561B5DEF}"
EndProject
Project("{2150E333-8FDC-42A3-9474-1A3956D46DE8}") = "gateways", "gateways", "{A26DCB0C-B256-466C-8310-68E8502AC829}"
EndProject
Project("{2150E333-8FDC-42A3-9474-1A3956D46DE8}") = "microservices", "microservices", "{293F6276-F99A-420F-A11C-4259699E732F}"
EndProject
Project("{FAE04EC0-301F-11D3-BF4B-00C04F79EFBC}") = "Catalog.API", "src\microservices\Catalog.API\Catalog.API.csproj", "{B1A4B8BE-222D-4058-AC42-F10564038A69}"
EndProject
Project("{FAE04EC0-301F-11D3-BF4B-00C04F79EFBC}") = "Catalog.Entities", "src\microservices\Catalog.Entities\Catalog.Entities.csproj", "{99129369-D757-4EB7-B2D7-DCC238872E83}"
EndProject
Project("{FAE04EC0-301F-11D3-BF4B-00C04F79EFBC}") = "Catalog.Infrastructure", "src\microservices\Catalog.Infrastructure\Catalog.Infrastructure.csproj", "{3EA90D26-84A9-4F3C-843D-47F8CD76BCC3}"
EndProject
Project("{FAE04EC0-301F-11D3-BF4B-00C04F79EFBC}") = "CustomLogger", "src\microservices\CustomLogger\CustomLogger.csproj", "{69AFA5D5-7415-4161-B760-E874CA6690B3}"
EndProject
Project("{FAE04EC0-301F-11D3-BF4B-00C04F79EFBC}") = "EventBus", "src\microservices\EventBus\EventBus.csproj", "{0F11ED53-AC66-43ED-B1E1-1A55F5CD1102}"
EndProject
Project("{FAE04EC0-301F-11D3-BF4B-00C04F79EFBC}") = "Identity.API", "src\microservices\Identity.API\Identity.API.csproj", "{BE0B612C-859F-44AB-8804-BEFD3F9A7C82}"
EndProject
Project("{FAE04EC0-301F-11D3-BF4B-00C04F79EFBC}") = "Identity.Entities", "src\microservices\Identity.Entities\Identity.Entities.csproj", "{D3B012BD-0C84-41A4-97C1-7E624D69049C}"
EndProject
Project("{FAE04EC0-301F-11D3-BF4B-00C04F79EFBC}") = "Identity.Infrastructure", "src\microservices\Identity.Infrastructure\Identity.Infrastructure.csproj", "{421CC4DF-23C2-4C90-85C8-5BCE33E14FBE}"
EndProject
Project("{FAE04EC0-301F-11D3-BF4B-00C04F79EFBC}") = "ApiGateway", "src\gateways\ApiGateway\ApiGateway.csproj", "{DAFE6FC1-03A7-47D6-B798-065460967E7C}"
EndProject
Project("{2150E333-8FDC-42A3-9474-1A3956D46DE8}") = "middlewares", "middlewares", "{49F59B66-3162-481C-92F0-D6BA95B6B4B6}"
EndProject
Project("{FAE04EC0-301F-11D3-BF4B-00C04F79EFBC}") = "AuthorizationMiddleware", "src\middlewares\AuthorizationMiddleware\AuthorizationMiddleware.csproj", "{61776017-FC1D-49B2-B06A-FEAF7B34C9A3}"
EndProject
Project("{2150E333-8FDC-42A3-9474-1A3956D46DE8}") = "libraries", "libraries", "{5844EB31-F7ED-4186-A5DF-2FB20FE8C5F5}"
EndProject
Project("{FAE04EC0-301F-11D3-BF4B-00C04F79EFBC}") = "JwtLibrary", "src\libraries\JwtLibrary\JwtLibrary.csproj", "{C75AD6E0-A0F3-491D-AD6F-98BD33CE1AE8}"
EndProject
Global
	GlobalSection(SolutionConfigurationPlatforms) = preSolution
		Debug|Any CPU = Debug|Any CPU
		Release|Any CPU = Release|Any CPU
	EndGlobalSection
	GlobalSection(ProjectConfigurationPlatforms) = postSolution
		{B1A4B8BE-222D-4058-AC42-F10564038A69}.Debug|Any CPU.ActiveCfg = Debug|Any CPU
		{B1A4B8BE-222D-4058-AC42-F10564038A69}.Debug|Any CPU.Build.0 = Debug|Any CPU
		{B1A4B8BE-222D-4058-AC42-F10564038A69}.Release|Any CPU.ActiveCfg = Release|Any CPU
		{B1A4B8BE-222D-4058-AC42-F10564038A69}.Release|Any CPU.Build.0 = Release|Any CPU
		{99129369-D757-4EB7-B2D7-DCC238872E83}.Debug|Any CPU.ActiveCfg = Debug|Any CPU
		{99129369-D757-4EB7-B2D7-DCC238872E83}.Debug|Any CPU.Build.0 = Debug|Any CPU
		{99129369-D757-4EB7-B2D7-DCC238872E83}.Release|Any CPU.ActiveCfg = Release|Any CPU
		{99129369-D757-4EB7-B2D7-DCC238872E83}.Release|Any CPU.Build.0 = Release|Any CPU
		{3EA90D26-84A9-4F3C-843D-47F8CD76BCC3}.Debug|Any CPU.ActiveCfg = Debug|Any CPU
		{3EA90D26-84A9-4F3C-843D-47F8CD76BCC3}.Debug|Any CPU.Build.0 = Debug|Any CPU
		{3EA90D26-84A9-4F3C-843D-47F8CD76BCC3}.Release|Any CPU.ActiveCfg = Release|Any CPU
		{3EA90D26-84A9-4F3C-843D-47F8CD76BCC3}.Release|Any CPU.Build.0 = Release|Any CPU
		{69AFA5D5-7415-4161-B760-E874CA6690B3}.Debug|Any CPU.ActiveCfg = Debug|Any CPU
		{69AFA5D5-7415-4161-B760-E874CA6690B3}.Debug|Any CPU.Build.0 = Debug|Any CPU
		{69AFA5D5-7415-4161-B760-E874CA6690B3}.Release|Any CPU.ActiveCfg = Release|Any CPU
		{69AFA5D5-7415-4161-B760-E874CA6690B3}.Release|Any CPU.Build.0 = Release|Any CPU
		{0F11ED53-AC66-43ED-B1E1-1A55F5CD1102}.Debug|Any CPU.ActiveCfg = Debug|Any CPU
		{0F11ED53-AC66-43ED-B1E1-1A55F5CD1102}.Debug|Any CPU.Build.0 = Debug|Any CPU
		{0F11ED53-AC66-43ED-B1E1-1A55F5CD1102}.Release|Any CPU.ActiveCfg = Release|Any CPU
		{0F11ED53-AC66-43ED-B1E1-1A55F5CD1102}.Release|Any CPU.Build.0 = Release|Any CPU
		{BE0B612C-859F-44AB-8804-BEFD3F9A7C82}.Debug|Any CPU.ActiveCfg = Debug|Any CPU
		{BE0B612C-859F-44AB-8804-BEFD3F9A7C82}.Debug|Any CPU.Build.0 = Debug|Any CPU
		{BE0B612C-859F-44AB-8804-BEFD3F9A7C82}.Release|Any CPU.ActiveCfg = Release|Any CPU
		{BE0B612C-859F-44AB-8804-BEFD3F9A7C82}.Release|Any CPU.Build.0 = Release|Any CPU
		{D3B012BD-0C84-41A4-97C1-7E624D69049C}.Debug|Any CPU.ActiveCfg = Debug|Any CPU
		{D3B012BD-0C84-41A4-97C1-7E624D69049C}.Debug|Any CPU.Build.0 = Debug|Any CPU
		{D3B012BD-0C84-41A4-97C1-7E624D69049C}.Release|Any CPU.ActiveCfg = Release|Any CPU
		{D3B012BD-0C84-41A4-97C1-7E624D69049C}.Release|Any CPU.Build.0 = Release|Any CPU
		{421CC4DF-23C2-4C90-85C8-5BCE33E14FBE}.Debug|Any CPU.ActiveCfg = Debug|Any CPU
		{421CC4DF-23C2-4C90-85C8-5BCE33E14FBE}.Debug|Any CPU.Build.0 = Debug|Any CPU
		{421CC4DF-23C2-4C90-85C8-5BCE33E14FBE}.Release|Any CPU.ActiveCfg = Release|Any CPU
		{421CC4DF-23C2-4C90-85C8-5BCE33E14FBE}.Release|Any CPU.Build.0 = Release|Any CPU
		{DAFE6FC1-03A7-47D6-B798-065460967E7C}.Debug|Any CPU.ActiveCfg = Debug|Any CPU
		{DAFE6FC1-03A7-47D6-B798-065460967E7C}.Debug|Any CPU.Build.0 = Debug|Any CPU
		{DAFE6FC1-03A7-47D6-B798-065460967E7C}.Release|Any CPU.ActiveCfg = Release|Any CPU
		{DAFE6FC1-03A7-47D6-B798-065460967E7C}.Release|Any CPU.Build.0 = Release|Any CPU
		{61776017-FC1D-49B2-B06A-FEAF7B34C9A3}.Debug|Any CPU.ActiveCfg = Debug|Any CPU
		{61776017-FC1D-49B2-B06A-FEAF7B34C9A3}.Debug|Any CPU.Build.0 = Debug|Any CPU
		{61776017-FC1D-49B2-B06A-FEAF7B34C9A3}.Release|Any CPU.ActiveCfg = Release|Any CPU
		{61776017-FC1D-49B2-B06A-FEAF7B34C9A3}.Release|Any CPU.Build.0 = Release|Any CPU
		{C75AD6E0-A0F3-491D-AD6F-98BD33CE1AE8}.Debug|Any CPU.ActiveCfg = Debug|Any CPU
		{C75AD6E0-A0F3-491D-AD6F-98BD33CE1AE8}.Debug|Any CPU.Build.0 = Debug|Any CPU
		{C75AD6E0-A0F3-491D-AD6F-98BD33CE1AE8}.Release|Any CPU.ActiveCfg = Release|Any CPU
		{C75AD6E0-A0F3-491D-AD6F-98BD33CE1AE8}.Release|Any CPU.Build.0 = Release|Any CPU
	EndGlobalSection
	GlobalSection(SolutionProperties) = preSolution
		HideSolutionNode = FALSE
	EndGlobalSection
	GlobalSection(ExtensibilityGlobals) = postSolution
		SolutionGuid = {6991ECCC-529D-4A99-9A3B-36C3065D2816}
	EndGlobalSection
	GlobalSection(NestedProjects) = preSolution
		{A26DCB0C-B256-466C-8310-68E8502AC829} = {7865EE59-8AF8-4C1D-A8C5-DC73561B5DEF}
		{293F6276-F99A-420F-A11C-4259699E732F} = {7865EE59-8AF8-4C1D-A8C5-DC73561B5DEF}
		{B1A4B8BE-222D-4058-AC42-F10564038A69} = {293F6276-F99A-420F-A11C-4259699E732F}
		{99129369-D757-4EB7-B2D7-DCC238872E83} = {293F6276-F99A-420F-A11C-4259699E732F}
		{3EA90D26-84A9-4F3C-843D-47F8CD76BCC3} = {293F6276-F99A-420F-A11C-4259699E732F}
		{69AFA5D5-7415-4161-B760-E874CA6690B3} = {293F6276-F99A-420F-A11C-4259699E732F}
		{0F11ED53-AC66-43ED-B1E1-1A55F5CD1102} = {293F6276-F99A-420F-A11C-4259699E732F}
		{BE0B612C-859F-44AB-8804-BEFD3F9A7C82} = {293F6276-F99A-420F-A11C-4259699E732F}
		{D3B012BD-0C84-41A4-97C1-7E624D69049C} = {293F6276-F99A-420F-A11C-4259699E732F}
		{421CC4DF-23C2-4C90-85C8-5BCE33E14FBE} = {293F6276-F99A-420F-A11C-4259699E732F}
		{DAFE6FC1-03A7-47D6-B798-065460967E7C} = {A26DCB0C-B256-466C-8310-68E8502AC829}
		{49F59B66-3162-481C-92F0-D6BA95B6B4B6} = {7865EE59-8AF8-4C1D-A8C5-DC73561B5DEF}
		{61776017-FC1D-49B2-B06A-FEAF7B34C9A3} = {49F59B66-3162-481C-92F0-D6BA95B6B4B6}
		{5844EB31-F7ED-4186-A5DF-2FB20FE8C5F5} = {7865EE59-8AF8-4C1D-A8C5-DC73561B5DEF}
		{C75AD6E0-A0F3-491D-AD6F-98BD33CE1AE8} = {5844EB31-F7ED-4186-A5DF-2FB20FE8C5F5}
	EndGlobalSection
EndGlobal
