
Microsoft Visual Studio Solution File, Format Version 12.00
# Visual Studio Version 17
VisualStudioVersion = 17.5.002.0
MinimumVisualStudioVersion = 10.0.40219.1
Project("{2150E333-8FDC-42A3-9474-1A3956D46DE8}") = "microservices", "microservices", "{F0988B52-B045-42F7-AF77-E4FAC60FEF16}"
EndProject
Project("{9A19103F-16F7-4668-BE54-9A1E7A4F7556}") = "Identity.Infrastructure", "microservices\Identity.Infrastructure\Identity.Infrastructure.csproj", "{E93D3003-2801-4C3A-9F7E-1DB437276838}"
EndProject
Project("{9A19103F-16F7-4668-BE54-9A1E7A4F7556}") = "CustomLogger", "microservices\CustomLogger\CustomLogger.csproj", "{F9EF763B-962B-41C9-86ED-E324F3710400}"
EndProject
Project("{9A19103F-16F7-4668-BE54-9A1E7A4F7556}") = "Identity.Entities", "microservices\Identity.Entities\Identity.Entities.csproj", "{3FE52526-EDDE-40CC-B5DF-98002A217271}"
EndProject
Project("{9A19103F-16F7-4668-BE54-9A1E7A4F7556}") = "Catalog.Entities", "microservices\Catalog.Entities\Catalog.Entities.csproj", "{B31237F3-CF11-4877-AB34-876B74AC1AF4}"
EndProject
Project("{9A19103F-16F7-4668-BE54-9A1E7A4F7556}") = "Catalog.API.Read", "microservices\Catalog.API.Read\Catalog.API.Read.csproj", "{6ADDB278-66DC-45B7-AE52-49E3F313D93E}"
EndProject
Project("{9A19103F-16F7-4668-BE54-9A1E7A4F7556}") = "Identity.API", "microservices\Identity.API\Identity.API.csproj", "{FBCA36E1-9CC0-4B55-A4AD-2C7F3686BC5D}"
EndProject
Project("{9A19103F-16F7-4668-BE54-9A1E7A4F7556}") = "Catalog.Infrastructure", "microservices\Catalog.Infrastructure\Catalog.Infrastructure.csproj", "{7E07FA9F-AE3F-4260-8201-D0824B13BEE4}"
EndProject
Project("{9A19103F-16F7-4668-BE54-9A1E7A4F7556}") = "Cart.Infrastructure", "microservices\Cart.Infrastructure\Cart.Infrastructure.csproj", "{E5E44B9F-BFCA-443D-9D98-381509FD3BAF}"
EndProject
Project("{9A19103F-16F7-4668-BE54-9A1E7A4F7556}") = "Catalog.API.Write", "microservices\Catalog.API.Write\Catalog.API.Write.csproj", "{391BDB04-F5F5-4B73-B8BC-7863BE9C036F}"
EndProject
Project("{9A19103F-16F7-4668-BE54-9A1E7A4F7556}") = "Payment.API", "microservices\Payment.API\Payment.API.csproj", "{EAF331AE-1AAB-4717-B2D3-6ABB27AB5BDA}"
EndProject
Project("{9A19103F-16F7-4668-BE54-9A1E7A4F7556}") = "Cart.Entities", "microservices\Cart.Entities\Cart.Entities.csproj", "{F61741A5-9205-4542-81CC-DBC24D24F6CD}"
EndProject
Project("{9A19103F-16F7-4668-BE54-9A1E7A4F7556}") = "Cart.API", "microservices\Cart.API\Cart.API.csproj", "{1EAD1B4A-0DDD-4121-AD21-C09BEE98519E}"
EndProject
Project("{2150E333-8FDC-42A3-9474-1A3956D46DE8}") = "middlewares", "middlewares", "{13E44CEC-2415-4250-988E-DDCF8D5DF92E}"
EndProject
Project("{9A19103F-16F7-4668-BE54-9A1E7A4F7556}") = "AuthorizationMiddleware", "middlewares\AuthorizationMiddleware\AuthorizationMiddleware.csproj", "{4E584538-4CCB-4803-94ED-FD2F4863070B}"
EndProject
Project("{2150E333-8FDC-42A3-9474-1A3956D46DE8}") = "libraries", "libraries", "{7EF7E4FF-ECB4-44B1-B4EA-A31BD703A624}"
EndProject
Project("{9A19103F-16F7-4668-BE54-9A1E7A4F7556}") = "EventBus", "libraries\EventBus\EventBus.csproj", "{04C46383-C344-4BF2-83D4-42352BCFD86C}"
EndProject
Project("{9A19103F-16F7-4668-BE54-9A1E7A4F7556}") = "JwtLibrary", "libraries\JwtLibrary\JwtLibrary.csproj", "{6E452A83-9810-4325-A374-8B4B41C889AF}"
EndProject
Project("{2150E333-8FDC-42A3-9474-1A3956D46DE8}") = "gateways", "gateways", "{CA8D7776-840F-447D-A8E6-2EEC5563FDC3}"
EndProject
Project("{9A19103F-16F7-4668-BE54-9A1E7A4F7556}") = "ApiGateway", "gateways\ApiGateway\ApiGateway.csproj", "{32BC6957-1D11-448D-B56A-02BAB06D0692}"
EndProject
Global
	GlobalSection(SolutionConfigurationPlatforms) = preSolution
		Debug|Any CPU = Debug|Any CPU
		Release|Any CPU = Release|Any CPU
	EndGlobalSection
	GlobalSection(ProjectConfigurationPlatforms) = postSolution
		{E93D3003-2801-4C3A-9F7E-1DB437276838}.Debug|Any CPU.ActiveCfg = Debug|Any CPU
		{E93D3003-2801-4C3A-9F7E-1DB437276838}.Debug|Any CPU.Build.0 = Debug|Any CPU
		{E93D3003-2801-4C3A-9F7E-1DB437276838}.Release|Any CPU.ActiveCfg = Release|Any CPU
		{E93D3003-2801-4C3A-9F7E-1DB437276838}.Release|Any CPU.Build.0 = Release|Any CPU
		{F9EF763B-962B-41C9-86ED-E324F3710400}.Debug|Any CPU.ActiveCfg = Debug|Any CPU
		{F9EF763B-962B-41C9-86ED-E324F3710400}.Debug|Any CPU.Build.0 = Debug|Any CPU
		{F9EF763B-962B-41C9-86ED-E324F3710400}.Release|Any CPU.ActiveCfg = Release|Any CPU
		{F9EF763B-962B-41C9-86ED-E324F3710400}.Release|Any CPU.Build.0 = Release|Any CPU
		{3FE52526-EDDE-40CC-B5DF-98002A217271}.Debug|Any CPU.ActiveCfg = Debug|Any CPU
		{3FE52526-EDDE-40CC-B5DF-98002A217271}.Debug|Any CPU.Build.0 = Debug|Any CPU
		{3FE52526-EDDE-40CC-B5DF-98002A217271}.Release|Any CPU.ActiveCfg = Release|Any CPU
		{3FE52526-EDDE-40CC-B5DF-98002A217271}.Release|Any CPU.Build.0 = Release|Any CPU
		{B31237F3-CF11-4877-AB34-876B74AC1AF4}.Debug|Any CPU.ActiveCfg = Debug|Any CPU
		{B31237F3-CF11-4877-AB34-876B74AC1AF4}.Debug|Any CPU.Build.0 = Debug|Any CPU
		{B31237F3-CF11-4877-AB34-876B74AC1AF4}.Release|Any CPU.ActiveCfg = Release|Any CPU
		{B31237F3-CF11-4877-AB34-876B74AC1AF4}.Release|Any CPU.Build.0 = Release|Any CPU
		{6ADDB278-66DC-45B7-AE52-49E3F313D93E}.Debug|Any CPU.ActiveCfg = Debug|Any CPU
		{6ADDB278-66DC-45B7-AE52-49E3F313D93E}.Debug|Any CPU.Build.0 = Debug|Any CPU
		{6ADDB278-66DC-45B7-AE52-49E3F313D93E}.Release|Any CPU.ActiveCfg = Release|Any CPU
		{6ADDB278-66DC-45B7-AE52-49E3F313D93E}.Release|Any CPU.Build.0 = Release|Any CPU
		{FBCA36E1-9CC0-4B55-A4AD-2C7F3686BC5D}.Debug|Any CPU.ActiveCfg = Debug|Any CPU
		{FBCA36E1-9CC0-4B55-A4AD-2C7F3686BC5D}.Debug|Any CPU.Build.0 = Debug|Any CPU
		{FBCA36E1-9CC0-4B55-A4AD-2C7F3686BC5D}.Release|Any CPU.ActiveCfg = Release|Any CPU
		{FBCA36E1-9CC0-4B55-A4AD-2C7F3686BC5D}.Release|Any CPU.Build.0 = Release|Any CPU
		{7E07FA9F-AE3F-4260-8201-D0824B13BEE4}.Debug|Any CPU.ActiveCfg = Debug|Any CPU
		{7E07FA9F-AE3F-4260-8201-D0824B13BEE4}.Debug|Any CPU.Build.0 = Debug|Any CPU
		{7E07FA9F-AE3F-4260-8201-D0824B13BEE4}.Release|Any CPU.ActiveCfg = Release|Any CPU
		{7E07FA9F-AE3F-4260-8201-D0824B13BEE4}.Release|Any CPU.Build.0 = Release|Any CPU
		{E5E44B9F-BFCA-443D-9D98-381509FD3BAF}.Debug|Any CPU.ActiveCfg = Debug|Any CPU
		{E5E44B9F-BFCA-443D-9D98-381509FD3BAF}.Debug|Any CPU.Build.0 = Debug|Any CPU
		{E5E44B9F-BFCA-443D-9D98-381509FD3BAF}.Release|Any CPU.ActiveCfg = Release|Any CPU
		{E5E44B9F-BFCA-443D-9D98-381509FD3BAF}.Release|Any CPU.Build.0 = Release|Any CPU
		{391BDB04-F5F5-4B73-B8BC-7863BE9C036F}.Debug|Any CPU.ActiveCfg = Debug|Any CPU
		{391BDB04-F5F5-4B73-B8BC-7863BE9C036F}.Debug|Any CPU.Build.0 = Debug|Any CPU
		{391BDB04-F5F5-4B73-B8BC-7863BE9C036F}.Release|Any CPU.ActiveCfg = Release|Any CPU
		{391BDB04-F5F5-4B73-B8BC-7863BE9C036F}.Release|Any CPU.Build.0 = Release|Any CPU
		{EAF331AE-1AAB-4717-B2D3-6ABB27AB5BDA}.Debug|Any CPU.ActiveCfg = Debug|Any CPU
		{EAF331AE-1AAB-4717-B2D3-6ABB27AB5BDA}.Debug|Any CPU.Build.0 = Debug|Any CPU
		{EAF331AE-1AAB-4717-B2D3-6ABB27AB5BDA}.Release|Any CPU.ActiveCfg = Release|Any CPU
		{EAF331AE-1AAB-4717-B2D3-6ABB27AB5BDA}.Release|Any CPU.Build.0 = Release|Any CPU
		{F61741A5-9205-4542-81CC-DBC24D24F6CD}.Debug|Any CPU.ActiveCfg = Debug|Any CPU
		{F61741A5-9205-4542-81CC-DBC24D24F6CD}.Debug|Any CPU.Build.0 = Debug|Any CPU
		{F61741A5-9205-4542-81CC-DBC24D24F6CD}.Release|Any CPU.ActiveCfg = Release|Any CPU
		{F61741A5-9205-4542-81CC-DBC24D24F6CD}.Release|Any CPU.Build.0 = Release|Any CPU
		{1EAD1B4A-0DDD-4121-AD21-C09BEE98519E}.Debug|Any CPU.ActiveCfg = Debug|Any CPU
		{1EAD1B4A-0DDD-4121-AD21-C09BEE98519E}.Debug|Any CPU.Build.0 = Debug|Any CPU
		{1EAD1B4A-0DDD-4121-AD21-C09BEE98519E}.Release|Any CPU.ActiveCfg = Release|Any CPU
		{1EAD1B4A-0DDD-4121-AD21-C09BEE98519E}.Release|Any CPU.Build.0 = Release|Any CPU
		{4E584538-4CCB-4803-94ED-FD2F4863070B}.Debug|Any CPU.ActiveCfg = Debug|Any CPU
		{4E584538-4CCB-4803-94ED-FD2F4863070B}.Debug|Any CPU.Build.0 = Debug|Any CPU
		{4E584538-4CCB-4803-94ED-FD2F4863070B}.Release|Any CPU.ActiveCfg = Release|Any CPU
		{4E584538-4CCB-4803-94ED-FD2F4863070B}.Release|Any CPU.Build.0 = Release|Any CPU
		{04C46383-C344-4BF2-83D4-42352BCFD86C}.Debug|Any CPU.ActiveCfg = Debug|Any CPU
		{04C46383-C344-4BF2-83D4-42352BCFD86C}.Debug|Any CPU.Build.0 = Debug|Any CPU
		{04C46383-C344-4BF2-83D4-42352BCFD86C}.Release|Any CPU.ActiveCfg = Release|Any CPU
		{04C46383-C344-4BF2-83D4-42352BCFD86C}.Release|Any CPU.Build.0 = Release|Any CPU
		{6E452A83-9810-4325-A374-8B4B41C889AF}.Debug|Any CPU.ActiveCfg = Debug|Any CPU
		{6E452A83-9810-4325-A374-8B4B41C889AF}.Debug|Any CPU.Build.0 = Debug|Any CPU
		{6E452A83-9810-4325-A374-8B4B41C889AF}.Release|Any CPU.ActiveCfg = Release|Any CPU
		{6E452A83-9810-4325-A374-8B4B41C889AF}.Release|Any CPU.Build.0 = Release|Any CPU
		{32BC6957-1D11-448D-B56A-02BAB06D0692}.Debug|Any CPU.ActiveCfg = Debug|Any CPU
		{32BC6957-1D11-448D-B56A-02BAB06D0692}.Debug|Any CPU.Build.0 = Debug|Any CPU
		{32BC6957-1D11-448D-B56A-02BAB06D0692}.Release|Any CPU.ActiveCfg = Release|Any CPU
		{32BC6957-1D11-448D-B56A-02BAB06D0692}.Release|Any CPU.Build.0 = Release|Any CPU
	EndGlobalSection
	GlobalSection(SolutionProperties) = preSolution
		HideSolutionNode = FALSE
	EndGlobalSection
	GlobalSection(NestedProjects) = preSolution
		{E93D3003-2801-4C3A-9F7E-1DB437276838} = {F0988B52-B045-42F7-AF77-E4FAC60FEF16}
		{F9EF763B-962B-41C9-86ED-E324F3710400} = {F0988B52-B045-42F7-AF77-E4FAC60FEF16}
		{3FE52526-EDDE-40CC-B5DF-98002A217271} = {F0988B52-B045-42F7-AF77-E4FAC60FEF16}
		{B31237F3-CF11-4877-AB34-876B74AC1AF4} = {F0988B52-B045-42F7-AF77-E4FAC60FEF16}
		{6ADDB278-66DC-45B7-AE52-49E3F313D93E} = {F0988B52-B045-42F7-AF77-E4FAC60FEF16}
		{FBCA36E1-9CC0-4B55-A4AD-2C7F3686BC5D} = {F0988B52-B045-42F7-AF77-E4FAC60FEF16}
		{7E07FA9F-AE3F-4260-8201-D0824B13BEE4} = {F0988B52-B045-42F7-AF77-E4FAC60FEF16}
		{E5E44B9F-BFCA-443D-9D98-381509FD3BAF} = {F0988B52-B045-42F7-AF77-E4FAC60FEF16}
		{391BDB04-F5F5-4B73-B8BC-7863BE9C036F} = {F0988B52-B045-42F7-AF77-E4FAC60FEF16}
		{EAF331AE-1AAB-4717-B2D3-6ABB27AB5BDA} = {F0988B52-B045-42F7-AF77-E4FAC60FEF16}
		{F61741A5-9205-4542-81CC-DBC24D24F6CD} = {F0988B52-B045-42F7-AF77-E4FAC60FEF16}
		{1EAD1B4A-0DDD-4121-AD21-C09BEE98519E} = {F0988B52-B045-42F7-AF77-E4FAC60FEF16}
		{4E584538-4CCB-4803-94ED-FD2F4863070B} = {13E44CEC-2415-4250-988E-DDCF8D5DF92E}
		{04C46383-C344-4BF2-83D4-42352BCFD86C} = {7EF7E4FF-ECB4-44B1-B4EA-A31BD703A624}
		{6E452A83-9810-4325-A374-8B4B41C889AF} = {7EF7E4FF-ECB4-44B1-B4EA-A31BD703A624}
		{32BC6957-1D11-448D-B56A-02BAB06D0692} = {CA8D7776-840F-447D-A8E6-2EEC5563FDC3}
	EndGlobalSection
	GlobalSection(ExtensibilityGlobals) = postSolution
		SolutionGuid = {0E05765D-F25A-4AAC-91A7-135D4E737CA1}
	EndGlobalSection
EndGlobal
